
Microsoft Visual Studio Solution File, Format Version 12.00
# Visual Studio Version 16
VisualStudioVersion = 16.0.32630.194
MinimumVisualStudioVersion = 10.0.40219.1
Project("{FAE04EC0-301F-11D3-BF4B-00C04F79EFBC}") = "method_hiding", "method_hiding\method_hiding.csproj", "{96082B05-905B-46BA-BD10-20E46FC6D6B2}"
EndProject
Global
	GlobalSection(SolutionConfigurationPlatforms) = preSolution
		Debug|Any CPU = Debug|Any CPU
		Release|Any CPU = Release|Any CPU
	EndGlobalSection
	GlobalSection(ProjectConfigurationPlatforms) = postSolution
		{96082B05-905B-46BA-BD10-20E46FC6D6B2}.Debug|Any CPU.ActiveCfg = Debug|Any CPU
		{96082B05-905B-46BA-BD10-20E46FC6D6B2}.Debug|Any CPU.Build.0 = Debug|Any CPU
		{96082B05-905B-46BA-BD10-20E46FC6D6B2}.Release|Any CPU.ActiveCfg = Release|Any CPU
		{96082B05-905B-46BA-BD10-20E46FC6D6B2}.Release|Any CPU.Build.0 = Release|Any CPU
	EndGlobalSection
	GlobalSection(SolutionProperties) = preSolution
		HideSolutionNode = FALSE
	EndGlobalSection
	GlobalSection(ExtensibilityGlobals) = postSolution
		SolutionGuid = {A2219FCB-10E0-4CA6-A390-26298319C417}
	EndGlobalSection
EndGlobal
